
Microsoft Visual Studio Solution File, Format Version 12.00
# Visual Studio Version 17
VisualStudioVersion = 17.5.002.0
MinimumVisualStudioVersion = 10.0.40219.1
Project("{9A19103F-16F7-4668-BE54-9A1E7A4F7556}") = "MatatuProblem", "MatatuProblem\MatatuProblem.csproj", "{597F6929-875E-4476-8DFE-63596757CA0F}"
EndProject
Project("{9A19103F-16F7-4668-BE54-9A1E7A4F7556}") = "03BCL", "03BCL\03BCL.csproj", "{B3239CB1-B827-4D09-8758-C5C7E92B9962}"
EndProject
Project("{9A19103F-16F7-4668-BE54-9A1E7A4F7556}") = "00Hello", "00Hello\00Hello.csproj", "{D63AF398-4AC4-4A0E-A6A5-81405ECEC3B8}"
EndProject
Project("{9A19103F-16F7-4668-BE54-9A1E7A4F7556}") = "04Complex", "04Complex\04Complex.csproj", "{47571286-CFBE-497C-A1F6-BFA2AB6BE52A}"
EndProject
Project("{9A19103F-16F7-4668-BE54-9A1E7A4F7556}") = "06LINQ", "06LINQ\06LINQ.csproj", "{E33AA924-5E28-46A3-9160-AC5E42F5B2CD}"
EndProject
Project("{9A19103F-16F7-4668-BE54-9A1E7A4F7556}") = "Collections", "Collections\Collections.csproj", "{293C7372-E2E4-4CD9-887E-199507F7BDD9}"
EndProject
Project("{9A19103F-16F7-4668-BE54-9A1E7A4F7556}") = "01Types", "01Types\01Types.csproj", "{DC8F6E43-4E0F-4855-8B0E-69525BB608BB}"
EndProject
Global
	GlobalSection(SolutionConfigurationPlatforms) = preSolution
		Debug|Any CPU = Debug|Any CPU
		Release|Any CPU = Release|Any CPU
	EndGlobalSection
	GlobalSection(ProjectConfigurationPlatforms) = postSolution
		{597F6929-875E-4476-8DFE-63596757CA0F}.Debug|Any CPU.ActiveCfg = Debug|Any CPU
		{597F6929-875E-4476-8DFE-63596757CA0F}.Debug|Any CPU.Build.0 = Debug|Any CPU
		{597F6929-875E-4476-8DFE-63596757CA0F}.Release|Any CPU.ActiveCfg = Release|Any CPU
		{597F6929-875E-4476-8DFE-63596757CA0F}.Release|Any CPU.Build.0 = Release|Any CPU
		{B3239CB1-B827-4D09-8758-C5C7E92B9962}.Debug|Any CPU.ActiveCfg = Debug|Any CPU
		{B3239CB1-B827-4D09-8758-C5C7E92B9962}.Debug|Any CPU.Build.0 = Debug|Any CPU
		{B3239CB1-B827-4D09-8758-C5C7E92B9962}.Release|Any CPU.ActiveCfg = Release|Any CPU
		{B3239CB1-B827-4D09-8758-C5C7E92B9962}.Release|Any CPU.Build.0 = Release|Any CPU
		{D63AF398-4AC4-4A0E-A6A5-81405ECEC3B8}.Debug|Any CPU.ActiveCfg = Debug|Any CPU
		{D63AF398-4AC4-4A0E-A6A5-81405ECEC3B8}.Debug|Any CPU.Build.0 = Debug|Any CPU
		{D63AF398-4AC4-4A0E-A6A5-81405ECEC3B8}.Release|Any CPU.ActiveCfg = Release|Any CPU
		{D63AF398-4AC4-4A0E-A6A5-81405ECEC3B8}.Release|Any CPU.Build.0 = Release|Any CPU
		{47571286-CFBE-497C-A1F6-BFA2AB6BE52A}.Debug|Any CPU.ActiveCfg = Debug|Any CPU
		{47571286-CFBE-497C-A1F6-BFA2AB6BE52A}.Debug|Any CPU.Build.0 = Debug|Any CPU
		{47571286-CFBE-497C-A1F6-BFA2AB6BE52A}.Release|Any CPU.ActiveCfg = Release|Any CPU
		{47571286-CFBE-497C-A1F6-BFA2AB6BE52A}.Release|Any CPU.Build.0 = Release|Any CPU
		{E33AA924-5E28-46A3-9160-AC5E42F5B2CD}.Debug|Any CPU.ActiveCfg = Debug|Any CPU
		{E33AA924-5E28-46A3-9160-AC5E42F5B2CD}.Debug|Any CPU.Build.0 = Debug|Any CPU
		{E33AA924-5E28-46A3-9160-AC5E42F5B2CD}.Release|Any CPU.ActiveCfg = Release|Any CPU
		{E33AA924-5E28-46A3-9160-AC5E42F5B2CD}.Release|Any CPU.Build.0 = Release|Any CPU
		{293C7372-E2E4-4CD9-887E-199507F7BDD9}.Debug|Any CPU.ActiveCfg = Debug|Any CPU
		{293C7372-E2E4-4CD9-887E-199507F7BDD9}.Debug|Any CPU.Build.0 = Debug|Any CPU
		{293C7372-E2E4-4CD9-887E-199507F7BDD9}.Release|Any CPU.ActiveCfg = Release|Any CPU
		{293C7372-E2E4-4CD9-887E-199507F7BDD9}.Release|Any CPU.Build.0 = Release|Any CPU
		{DC8F6E43-4E0F-4855-8B0E-69525BB608BB}.Debug|Any CPU.ActiveCfg = Debug|Any CPU
		{DC8F6E43-4E0F-4855-8B0E-69525BB608BB}.Debug|Any CPU.Build.0 = Debug|Any CPU
		{DC8F6E43-4E0F-4855-8B0E-69525BB608BB}.Release|Any CPU.ActiveCfg = Release|Any CPU
		{DC8F6E43-4E0F-4855-8B0E-69525BB608BB}.Release|Any CPU.Build.0 = Release|Any CPU
	EndGlobalSection
	GlobalSection(SolutionProperties) = preSolution
		HideSolutionNode = FALSE
	EndGlobalSection
	GlobalSection(ExtensibilityGlobals) = postSolution
		SolutionGuid = {7F23253B-CAA2-405C-B26D-B801FA94FAB6}
	EndGlobalSection
EndGlobal
